
Microsoft Visual Studio Solution File, Format Version 12.00
# Visual Studio 2012
Project("{F2A71F9B-5D33-465A-A702-920D77279786}") = "FsRandom", "FsRandom\FsRandom.fsproj", "{761A3B20-4170-4007-8EC4-31C88C469295}"
EndProject
Project("{F2A71F9B-5D33-465A-A702-920D77279786}") = "FsRandom.Tests", "FsRandom.Tests\FsRandom.Tests.fsproj", "{FF3B2DE6-21ED-4A6C-9F2C-92DE0CD00C7B}"
EndProject
Project("{FAE04EC0-301F-11D3-BF4B-00C04F79EFBC}") = "FsRandom.Tests.Resources", "FsRandom.Tests.Resources\FsRandom.Tests.Resources.csproj", "{EBA281F7-5D4C-4E0B-885D-A4CA87474C7F}"
EndProject
Project("{2150E333-8FDC-42A3-9474-1A3956D46DE8}") = ".nuget", ".nuget", "{7EB60773-8733-4330-A519-07EF3E4B0170}"
	ProjectSection(SolutionItems) = preProject
		.nuget\NuGet.Config = .nuget\NuGet.Config
		.nuget\NuGet.exe = .nuget\NuGet.exe
		.nuget\NuGet.targets = .nuget\NuGet.targets
	EndProjectSection
EndProject
Project("{2150E333-8FDC-42A3-9474-1A3956D46DE8}") = "build", "build", "{F2FD43BB-E936-4250-A94E-53DE58DD605C}"
	ProjectSection(SolutionItems) = preProject
		tools\build.fsx = tools\build.fsx
		ChangeLog.md = ChangeLog.md
		FsRandom.nuspec = FsRandom.nuspec
	EndProjectSection
EndProject
Project("{2150E333-8FDC-42A3-9474-1A3956D46DE8}") = "examples", "examples", "{F9F25ACF-679E-48B4-82C6-7200C9245320}"
	ProjectSection(SolutionItems) = preProject
		examples\ApproximateBayesianComputation.fsx = examples\ApproximateBayesianComputation.fsx
		examples\Benchmark.fsx = examples\Benchmark.fsx
		examples\FirstRandomNumber.fsx = examples\FirstRandomNumber.fsx
		examples\GeneratorFunction.fsx = examples\GeneratorFunction.fsx
		examples\GibbsSampler.fsx = examples\GibbsSampler.fsx
		examples\HamiltonianMonteCarlo.fsx = examples\HamiltonianMonteCarlo.fsx
		examples\MonteCarlo.fsx = examples\MonteCarlo.fsx
		examples\PRNG.fsx = examples\PRNG.fsx
		examples\Sequence.fsx = examples\Sequence.fsx
		examples\SystemRandom.fsx = examples\SystemRandom.fsx
		examples\Transform.fsx = examples\Transform.fsx
	EndProjectSection
EndProject
Project("{2150E333-8FDC-42A3-9474-1A3956D46DE8}") = "docs", "docs", "{668880F2-5C7B-4188-8215-11DF13C3CE8C}"
	ProjectSection(SolutionItems) = preProject
		docs\documentation.fsx = docs\documentation.fsx
		docs\index.fsx = docs\index.fsx
		docs\numerical-examples.fsx = docs\numerical-examples.fsx
		README.md = README.md
	EndProjectSection
EndProject
Project("{2150E333-8FDC-42A3-9474-1A3956D46DE8}") = "templates", "templates", "{F54D831F-52EE-42FD-A8D8-B64693BFA78D}"
	ProjectSection(SolutionItems) = preProject
		docs\templates\template.cshtml = docs\templates\template.cshtml
	EndProjectSection
EndProject
Project("{FAE04EC0-301F-11D3-BF4B-00C04F79EFBC}") = "FsRandom.Tests.CSharp", "FsRandom.Tests.CSharp\FsRandom.Tests.CSharp.csproj", "{C926651A-F1F4-4968-8EB6-45DB95C7871B}"
EndProject
Global
	GlobalSection(SolutionConfigurationPlatforms) = preSolution
		Debug|Any CPU = Debug|Any CPU
		Release|Any CPU = Release|Any CPU
	EndGlobalSection
	GlobalSection(ProjectConfigurationPlatforms) = postSolution
		{761A3B20-4170-4007-8EC4-31C88C469295}.Debug|Any CPU.ActiveCfg = Debug|Any CPU
		{761A3B20-4170-4007-8EC4-31C88C469295}.Debug|Any CPU.Build.0 = Debug|Any CPU
		{761A3B20-4170-4007-8EC4-31C88C469295}.Release|Any CPU.ActiveCfg = Release|Any CPU
		{761A3B20-4170-4007-8EC4-31C88C469295}.Release|Any CPU.Build.0 = Release|Any CPU
		{FF3B2DE6-21ED-4A6C-9F2C-92DE0CD00C7B}.Debug|Any CPU.ActiveCfg = Debug|Any CPU
		{FF3B2DE6-21ED-4A6C-9F2C-92DE0CD00C7B}.Debug|Any CPU.Build.0 = Debug|Any CPU
		{FF3B2DE6-21ED-4A6C-9F2C-92DE0CD00C7B}.Release|Any CPU.ActiveCfg = Release|Any CPU
		{FF3B2DE6-21ED-4A6C-9F2C-92DE0CD00C7B}.Release|Any CPU.Build.0 = Release|Any CPU
		{EBA281F7-5D4C-4E0B-885D-A4CA87474C7F}.Debug|Any CPU.ActiveCfg = Debug|Any CPU
		{EBA281F7-5D4C-4E0B-885D-A4CA87474C7F}.Debug|Any CPU.Build.0 = Debug|Any CPU
		{EBA281F7-5D4C-4E0B-885D-A4CA87474C7F}.Release|Any CPU.ActiveCfg = Release|Any CPU
		{EBA281F7-5D4C-4E0B-885D-A4CA87474C7F}.Release|Any CPU.Build.0 = Release|Any CPU
		{C926651A-F1F4-4968-8EB6-45DB95C7871B}.Debug|Any CPU.ActiveCfg = Debug|Any CPU
		{C926651A-F1F4-4968-8EB6-45DB95C7871B}.Debug|Any CPU.Build.0 = Debug|Any CPU
		{C926651A-F1F4-4968-8EB6-45DB95C7871B}.Release|Any CPU.ActiveCfg = Release|Any CPU
		{C926651A-F1F4-4968-8EB6-45DB95C7871B}.Release|Any CPU.Build.0 = Release|Any CPU
	EndGlobalSection
	GlobalSection(SolutionProperties) = preSolution
		HideSolutionNode = FALSE
	EndGlobalSection
	GlobalSection(NestedProjects) = preSolution
		{F54D831F-52EE-42FD-A8D8-B64693BFA78D} = {668880F2-5C7B-4188-8215-11DF13C3CE8C}
	EndGlobalSection
EndGlobal
