
Microsoft Visual Studio Solution File, Format Version 12.00
# Visual Studio 2012
Project("{F2A71F9B-5D33-465A-A702-920D77279786}") = "RecycleBin.Random", "RecycleBin.Random\RecycleBin.Random.fsproj", "{761A3B20-4170-4007-8EC4-31C88C469295}"
EndProject
Project("{F2A71F9B-5D33-465A-A702-920D77279786}") = "RecycleBin.Random.Tests", "RecycleBin.Random.Tests\RecycleBin.Random.Tests.fsproj", "{FF3B2DE6-21ED-4A6C-9F2C-92DE0CD00C7B}"
EndProject
Project("{FAE04EC0-301F-11D3-BF4B-00C04F79EFBC}") = "RecycleBin.Random.Tests.Resources", "RecycleBin.Random.Tests.Resources\RecycleBin.Random.Tests.Resources.csproj", "{EBA281F7-5D4C-4E0B-885D-A4CA87474C7F}"
EndProject
Global
	GlobalSection(SolutionConfigurationPlatforms) = preSolution
		Debug|Any CPU = Debug|Any CPU
		Release|Any CPU = Release|Any CPU
	EndGlobalSection
	GlobalSection(ProjectConfigurationPlatforms) = postSolution
		{761A3B20-4170-4007-8EC4-31C88C469295}.Debug|Any CPU.ActiveCfg = Debug|Any CPU
		{761A3B20-4170-4007-8EC4-31C88C469295}.Debug|Any CPU.Build.0 = Debug|Any CPU
		{761A3B20-4170-4007-8EC4-31C88C469295}.Release|Any CPU.ActiveCfg = Release|Any CPU
		{761A3B20-4170-4007-8EC4-31C88C469295}.Release|Any CPU.Build.0 = Release|Any CPU
		{FF3B2DE6-21ED-4A6C-9F2C-92DE0CD00C7B}.Debug|Any CPU.ActiveCfg = Debug|Any CPU
		{FF3B2DE6-21ED-4A6C-9F2C-92DE0CD00C7B}.Debug|Any CPU.Build.0 = Debug|Any CPU
		{FF3B2DE6-21ED-4A6C-9F2C-92DE0CD00C7B}.Release|Any CPU.ActiveCfg = Release|Any CPU
		{FF3B2DE6-21ED-4A6C-9F2C-92DE0CD00C7B}.Release|Any CPU.Build.0 = Release|Any CPU
		{EBA281F7-5D4C-4E0B-885D-A4CA87474C7F}.Debug|Any CPU.ActiveCfg = Debug|Any CPU
		{EBA281F7-5D4C-4E0B-885D-A4CA87474C7F}.Debug|Any CPU.Build.0 = Debug|Any CPU
		{EBA281F7-5D4C-4E0B-885D-A4CA87474C7F}.Release|Any CPU.ActiveCfg = Release|Any CPU
		{EBA281F7-5D4C-4E0B-885D-A4CA87474C7F}.Release|Any CPU.Build.0 = Release|Any CPU
	EndGlobalSection
	GlobalSection(SolutionProperties) = preSolution
		HideSolutionNode = FALSE
	EndGlobalSection
EndGlobal
